
Microsoft Visual Studio Solution File, Format Version 12.00
# Visual Studio Version 17
VisualStudioVersion = 17.8.34309.116
MinimumVisualStudioVersion = 10.0.40219.1
Project("{FAE04EC0-301F-11D3-BF4B-00C04F79EFBC}") = "Hotel.ATR", "Hotel.ATR\Hotel.ATR.csproj", "{E0B0B34A-1ED1-4272-9F6B-DAF89D3F4008}"
EndProject
Global
	GlobalSection(SolutionConfigurationPlatforms) = preSolution
		Debug|Any CPU = Debug|Any CPU
		Release|Any CPU = Release|Any CPU
	EndGlobalSection
	GlobalSection(ProjectConfigurationPlatforms) = postSolution
		{E0B0B34A-1ED1-4272-9F6B-DAF89D3F4008}.Debug|Any CPU.ActiveCfg = Debug|Any CPU
		{E0B0B34A-1ED1-4272-9F6B-DAF89D3F4008}.Debug|Any CPU.Build.0 = Debug|Any CPU
		{E0B0B34A-1ED1-4272-9F6B-DAF89D3F4008}.Release|Any CPU.ActiveCfg = Release|Any CPU
		{E0B0B34A-1ED1-4272-9F6B-DAF89D3F4008}.Release|Any CPU.Build.0 = Release|Any CPU
	EndGlobalSection
	GlobalSection(SolutionProperties) = preSolution
		HideSolutionNode = FALSE
	EndGlobalSection
	GlobalSection(ExtensibilityGlobals) = postSolution
		SolutionGuid = {7301A957-086B-43F5-9081-33A8DEC80A81}
	EndGlobalSection
EndGlobal
